{
  "requires": true,
  "lockfileVersion": 1,
  "dependencies": {
    "sweetalert2": {
      "version": "10.3.7",
      "resolved": "https://registry.npmjs.org/sweetalert2/-/sweetalert2-10.3.7.tgz",
      "integrity": "sha512-Zp9rolSdH8SnUPhTF31QgK0Vb7HtSjEJ1b4Mw+fbQtCU25I+/P61ahbGNxSAEwLWKVZFvPbOeCr3Yj7NyClh9g=="
    }
  }
}
